
Microsoft Visual Studio Solution File, Format Version 12.00
# Visual Studio Version 17
VisualStudioVersion = 17.0.31903.59
MinimumVisualStudioVersion = 10.0.40219.1
Project("{FAE04EC0-301F-11D3-BF4B-00C04F79EFBC}") = "RobotWorldsGame", "RobotWorldsGame\RobotWorldsGame.csproj", "{9BB36272-7597-4320-A135-74958BCE62DE}"
EndProject
Project("{FAE04EC0-301F-11D3-BF4B-00C04F79EFBC}") = "RobotWorldsGame.Tests", "RobotWorldsGame.Tests\RobotWorldsGame.Tests.csproj", "{6C4FBD4F-2987-4094-BB5B-331452B6CD15}"
EndProject
Global
	GlobalSection(SolutionConfigurationPlatforms) = preSolution
		Debug|Any CPU = Debug|Any CPU
		Release|Any CPU = Release|Any CPU
	EndGlobalSection
	GlobalSection(SolutionProperties) = preSolution
		HideSolutionNode = FALSE
	EndGlobalSection
	GlobalSection(ProjectConfigurationPlatforms) = postSolution
		{9BB36272-7597-4320-A135-74958BCE62DE}.Debug|Any CPU.ActiveCfg = Debug|Any CPU
		{9BB36272-7597-4320-A135-74958BCE62DE}.Debug|Any CPU.Build.0 = Debug|Any CPU
		{9BB36272-7597-4320-A135-74958BCE62DE}.Release|Any CPU.ActiveCfg = Release|Any CPU
		{9BB36272-7597-4320-A135-74958BCE62DE}.Release|Any CPU.Build.0 = Release|Any CPU
		{6C4FBD4F-2987-4094-BB5B-331452B6CD15}.Debug|Any CPU.ActiveCfg = Debug|Any CPU
		{6C4FBD4F-2987-4094-BB5B-331452B6CD15}.Debug|Any CPU.Build.0 = Debug|Any CPU
		{6C4FBD4F-2987-4094-BB5B-331452B6CD15}.Release|Any CPU.ActiveCfg = Release|Any CPU
		{6C4FBD4F-2987-4094-BB5B-331452B6CD15}.Release|Any CPU.Build.0 = Release|Any CPU
	EndGlobalSection
EndGlobal
